<Solution>
  <Folder Name="/Solution Items/">
    <File Path=".editorconfig" />
    <File Path="Directory.Build.props" />
    <File Path="Directory.Packages.props" />
    <File Path="global.json" />
    <File Path="nuget.config" />
  </Folder>
  <Folder Name="/src/" />
  <Folder Name="/src/frontend/">
    <Project Path="src/frontend/football-sim-ui/football-sim-ui.esproj">
      <Build />
      <Deploy />
    </Project>
  </Folder>
  <Folder Name="/src/host/">
    <Project Path="src/host/Api/Api.csproj" />
  </Folder>
  <Folder Name="/src/modules/" />
  <Folder Name="/src/modules/Common/">
    <Project Path="src/modules/Common/Common.Data/Common.Data.csproj" />
    <Project Path="src/modules/Common/Common.Features/Common.Features.csproj" Id="5ff28135-bbd4-491e-8225-6fb396c18304" />
  </Folder>
  <Folder Name="/src/modules/GamePersistence/" Id="15e9499f-f1e1-379c-0e21-49fb6db9ad72">
    <Project Path="src/modules/GamePersistence/GamePersistence.Application/GamePersistence.Application.csproj" />
    <Project Path="src/modules/GamePersistence/GamePersistence.Domain/GamePersistence.Domain.csproj" />
    <Project Path="src/modules/GamePersistence/GamePersistence.Infrastructure/GamePersistence.Infrastructure.csproj" />
  </Folder>
  <Folder Name="/src/modules/Identities/">
    <Project Path="src/modules/Identities/Identities.Application/Identities.Application.csproj" />
    <Project Path="src/modules/Identities/Identities.Domain/Identities.Domain.csproj" />
    <Project Path="src/modules/Identities/Identities.Infrastructure/Identities.Infrastructure.csproj" />
  </Folder>
  <Folder Name="/src/modules/Locations/">
    <Project Path="src/modules/Locations/Locations.Application/Locations.Application.csproj" Id="9847d5f4-89df-4c14-8d0f-969251145f30" />
    <Project Path="src/modules/Locations/Locations.Domain/Locations.Domain.csproj" Id="6b56c5e3-1a69-4b6f-ba20-e7321a4a135f" />
    <Project Path="src/modules/Locations/Locations.Infrastructure/Locations.Infrastructure.csproj" Id="23bc63f2-9c04-458c-9c82-731bc1f18bfd" />
  </Folder>
  <Folder Name="/src/modules/Matches/">
    <Project Path="src/modules/Matches/Matches.Application/Matches.Application.csproj" Id="c7f30f53-0ec4-43c3-9da6-84aa85c1dac9" />
    <Project Path="src/modules/Matches/Matches.Domain/Matches.Domain.csproj" Id="9da939d0-7984-45dc-91c1-9769e3a1264f" />
  </Folder>
  <Folder Name="/src/modules/Seasons/">
    <Project Path="src/modules/Seasons/Seasons.Application/Seasons.Application.csproj" Id="14c94feb-c5c2-49af-8097-7b7c0e13c0e8" />
    <Project Path="src/modules/Seasons/Seasons.Domain/Seasons.Domain.csproj" Id="5b1948e5-4c08-43e7-88d6-5e6be64afaba" />
    <Project Path="src/modules/Seasons/Seasons.Infrastructure/Seasons.Infrastructure.csproj" Id="d4d0c357-48c0-4a09-8a1d-41a7b94bd934" />
  </Folder>
  <Folder Name="/src/modules/Teams/">
    <Project Path="src/modules/Teams/Teams.Application/Teams.Application.csproj" Id="fece5387-6766-4419-ae8f-a9595c345c4f" />
    <Project Path="src/modules/Teams/Teams.Domain/Teams.Domain.csproj" Id="4a1b6941-24f5-4760-9b9c-2ff27b6ccdbf" />
    <Project Path="src/modules/Teams/Teams.Infrastructure/Teams.Infrastructure.csproj" Id="7a0845c7-48d8-4ddc-b1de-bc95d50cac09" />
  </Folder>
  <Folder Name="/tests/" />
  <Folder Name="/tests/modules/" />
  <Folder Name="/tests/modules/Common/">
    <Project Path="tests/modules/Common/Common.Features.Tests/Common.Features.Tests.csproj" Id="674923c4-8be2-4f2e-9f23-e4c5bcaaddb5" />
  </Folder>
  <Folder Name="/tests/modules/Matches/">
    <Project Path="tests/modules/Matches/Matches.Application.Tests/Matches.Application.Tests.csproj" Id="b50f9229-c20b-4645-af88-baef81b2395a" />
  </Folder>
</Solution>
